
Microsoft Visual Studio Solution File, Format Version 12.00
# Visual Studio Version 17
VisualStudioVersion = 17.9.34728.123
MinimumVisualStudioVersion = 10.0.40219.1
Project("{9A19103F-16F7-4668-BE54-9A1E7A4F7556}") = "SweNamelessBE_RepositoryPattern.API", "TicketRepublic\SweNamelessBE_RepositoryPattern.API.csproj", "{F4180BD5-20EE-4072-B2CB-6D82F740B503}"
EndProject
Global
	GlobalSection(SolutionConfigurationPlatforms) = preSolution
		Debug|Any CPU = Debug|Any CPU
		Release|Any CPU = Release|Any CPU
	EndGlobalSection
	GlobalSection(ProjectConfigurationPlatforms) = postSolution
		{F4180BD5-20EE-4072-B2CB-6D82F740B503}.Debug|Any CPU.ActiveCfg = Debug|Any CPU
		{F4180BD5-20EE-4072-B2CB-6D82F740B503}.Debug|Any CPU.Build.0 = Debug|Any CPU
		{F4180BD5-20EE-4072-B2CB-6D82F740B503}.Release|Any CPU.ActiveCfg = Release|Any CPU
		{F4180BD5-20EE-4072-B2CB-6D82F740B503}.Release|Any CPU.Build.0 = Release|Any CPU
	EndGlobalSection
	GlobalSection(SolutionProperties) = preSolution
		HideSolutionNode = FALSE
	EndGlobalSection
	GlobalSection(ExtensibilityGlobals) = postSolution
		SolutionGuid = {06521401-6288-4AC3-8322-8B68092EBFAF}
	EndGlobalSection
EndGlobal
